
Microsoft Visual Studio Solution File, Format Version 11.00
# Visual Studio 2010
Project("{8BC9CEB8-8B4A-11D0-8D11-00A0C91BC942}") = "IsoXmlPayload", "IsoXmlPayload\IsoXmlPayload.vcxproj", "{3D506A6C-424E-4ABB-86CB-BE3DC1A674FD}"
EndProject
Project("{8BC9CEB8-8B4A-11D0-8D11-00A0C91BC942}") = "SepaStsPayload", "SepaStsPayload\SepaStsPayload.vcxproj", "{697DCCFD-4B96-44A5-B67B-CD391BBC0293}"
EndProject
Project("{8BC9CEB8-8B4A-11D0-8D11-00A0C91BC942}") = "SwiftXmlPayload", "SwiftXmlPayload\SwiftXmlPayload.vcxproj", "{191CC492-96CF-4A8C-AD65-874DC8920778}"
EndProject
Project("{8BC9CEB8-8B4A-11D0-8D11-00A0C91BC942}") = "AchBlkAccPayload", "AchBlkAccPayload\AchBlkAccPayload.vcxproj", "{95375A6D-98E1-4E8B-9F31-AEEAAE6A0868}"
EndProject
Project("{8BC9CEB8-8B4A-11D0-8D11-00A0C91BC942}") = "AchBlkRjctPayload", "AchBlkRjctPayload\AchBlkRjctPayload.vcxproj", "{2DED276B-6225-4BCF-8A25-F866ACC4F012}"
EndProject
Global
	GlobalSection(SolutionConfigurationPlatforms) = preSolution
		Debug|Win32 = Debug|Win32
		Release|Win32 = Release|Win32
	EndGlobalSection
	GlobalSection(ProjectConfigurationPlatforms) = postSolution
		{3D506A6C-424E-4ABB-86CB-BE3DC1A674FD}.Debug|Win32.ActiveCfg = Debug|Win32
		{3D506A6C-424E-4ABB-86CB-BE3DC1A674FD}.Debug|Win32.Build.0 = Debug|Win32
		{3D506A6C-424E-4ABB-86CB-BE3DC1A674FD}.Release|Win32.ActiveCfg = Release|Win32
		{3D506A6C-424E-4ABB-86CB-BE3DC1A674FD}.Release|Win32.Build.0 = Release|Win32
		{697DCCFD-4B96-44A5-B67B-CD391BBC0293}.Debug|Win32.ActiveCfg = Debug|Win32
		{697DCCFD-4B96-44A5-B67B-CD391BBC0293}.Debug|Win32.Build.0 = Debug|Win32
		{697DCCFD-4B96-44A5-B67B-CD391BBC0293}.Release|Win32.ActiveCfg = Release|Win32
		{697DCCFD-4B96-44A5-B67B-CD391BBC0293}.Release|Win32.Build.0 = Release|Win32
		{191CC492-96CF-4A8C-AD65-874DC8920778}.Debug|Win32.ActiveCfg = Debug|Win32
		{191CC492-96CF-4A8C-AD65-874DC8920778}.Debug|Win32.Build.0 = Debug|Win32
		{191CC492-96CF-4A8C-AD65-874DC8920778}.Release|Win32.ActiveCfg = Release|Win32
		{191CC492-96CF-4A8C-AD65-874DC8920778}.Release|Win32.Build.0 = Release|Win32
		{95375A6D-98E1-4E8B-9F31-AEEAAE6A0868}.Debug|Win32.ActiveCfg = Debug|Win32
		{95375A6D-98E1-4E8B-9F31-AEEAAE6A0868}.Debug|Win32.Build.0 = Debug|Win32
		{95375A6D-98E1-4E8B-9F31-AEEAAE6A0868}.Release|Win32.ActiveCfg = Release|Win32
		{95375A6D-98E1-4E8B-9F31-AEEAAE6A0868}.Release|Win32.Build.0 = Release|Win32
		{2DED276B-6225-4BCF-8A25-F866ACC4F012}.Debug|Win32.ActiveCfg = Debug|Win32
		{2DED276B-6225-4BCF-8A25-F866ACC4F012}.Debug|Win32.Build.0 = Debug|Win32
		{2DED276B-6225-4BCF-8A25-F866ACC4F012}.Release|Win32.ActiveCfg = Release|Win32
		{2DED276B-6225-4BCF-8A25-F866ACC4F012}.Release|Win32.Build.0 = Release|Win32
	EndGlobalSection
	GlobalSection(SolutionProperties) = preSolution
		HideSolutionNode = FALSE
	EndGlobalSection
EndGlobal
